
Microsoft Visual Studio Solution File, Format Version 12.00
Project("{FAE04EC0-301F-11D3-BF4B-00C04F79EFBC}") = "BatchProducerConsumerChannel", "BatchProducerConsumerChannel\BatchProducerConsumerChannel.csproj", "{B4435471-7F07-488A-8785-41C7C6D37E32}"
EndProject
Global
	GlobalSection(SolutionConfigurationPlatforms) = preSolution
		Debug|Any CPU = Debug|Any CPU
		Release|Any CPU = Release|Any CPU
	EndGlobalSection
	GlobalSection(ProjectConfigurationPlatforms) = postSolution
		{B4435471-7F07-488A-8785-41C7C6D37E32}.Debug|Any CPU.ActiveCfg = Debug|Any CPU
		{B4435471-7F07-488A-8785-41C7C6D37E32}.Debug|Any CPU.Build.0 = Debug|Any CPU
		{B4435471-7F07-488A-8785-41C7C6D37E32}.Release|Any CPU.ActiveCfg = Release|Any CPU
		{B4435471-7F07-488A-8785-41C7C6D37E32}.Release|Any CPU.Build.0 = Release|Any CPU
	EndGlobalSection
EndGlobal
